
Microsoft Visual Studio Solution File, Format Version 12.00
# Visual Studio Version 17
VisualStudioVersion = 17.1.32421.90
MinimumVisualStudioVersion = 10.0.40219.1
Project("{9A19103F-16F7-4668-BE54-9A1E7A4F7556}") = "myMLApp", "myMLApp.csproj", "{421429D0-9F2F-4996-9D64-911D4956F46B}"
EndProject
Global
	GlobalSection(SolutionConfigurationPlatforms) = preSolution
		Debug|Any CPU = Debug|Any CPU
		Release|Any CPU = Release|Any CPU
	EndGlobalSection
	GlobalSection(ProjectConfigurationPlatforms) = postSolution
		{421429D0-9F2F-4996-9D64-911D4956F46B}.Debug|Any CPU.ActiveCfg = Debug|Any CPU
		{421429D0-9F2F-4996-9D64-911D4956F46B}.Debug|Any CPU.Build.0 = Debug|Any CPU
		{421429D0-9F2F-4996-9D64-911D4956F46B}.Release|Any CPU.ActiveCfg = Release|Any CPU
		{421429D0-9F2F-4996-9D64-911D4956F46B}.Release|Any CPU.Build.0 = Release|Any CPU
	EndGlobalSection
	GlobalSection(SolutionProperties) = preSolution
		HideSolutionNode = FALSE
	EndGlobalSection
	GlobalSection(ExtensibilityGlobals) = postSolution
		SolutionGuid = {633B9C94-AADF-4EB6-A804-7CDFD4B187FE}
	EndGlobalSection
EndGlobal
